// !$*UTF8*$!
{
	archiveVersion = 1;
	classes = {
	};
	objectVersion = 50;
	objects = {

/* Begin PBXBuildFile section */
		151A8C5723D4A7D6009D2735 /* AppDelegate.swift in Sources */ = {isa = PBXBuildFile; fileRef = 151A8C5623D4A7D6009D2735 /* AppDelegate.swift */; };
		151A8C5923D4A7D6009D2735 /* ViewController.swift in Sources */ = {isa = PBXBuildFile; fileRef = 151A8C5823D4A7D6009D2735 /* ViewController.swift */; };
		151A8C5C23D4A7D6009D2735 /* Main.storyboard in Resources */ = {isa = PBXBuildFile; fileRef = 151A8C5A23D4A7D6009D2735 /* Main.storyboard */; };
		151A8C5E23D4A7D9009D2735 /* Assets.xcassets in Resources */ = {isa = PBXBuildFile; fileRef = 151A8C5D23D4A7D9009D2735 /* Assets.xcassets */; };
		151A8C6123D4A7D9009D2735 /* LaunchScreen.storyboard in Resources */ = {isa = PBXBuildFile; fileRef = 151A8C5F23D4A7D9009D2735 /* LaunchScreen.storyboard */; };
/* End PBXBuildFile section */

/* Begin PBXFileReference section */
		151A8C5323D4A7D6009D2735 /* VkHolod.app */ = {isa = PBXFileReference; explicitFileType = wrapper.application; includeInIndex = 0; path = VkHolod.app; sourceTree = BUILT_PRODUCTS_DIR; };
		151A8C5623D4A7D6009D2735 /* AppDelegate.swift */ = {isa = PBXFileReference; lastKnownFileType = sourcecode.swift; path = AppDelegate.swift; sourceTree = "<group>"; };
		151A8C5823D4A7D6009D2735 /* ViewController.swift */ = {isa = PBXFileReference; lastKnownFileType = sourcecode.swift; path = ViewController.swift; sourceTree = "<group>"; };
		151A8C5B23D4A7D6009D2735 /* Base */ = {isa = PBXFileReference; lastKnownFileType = file.storyboard; name = Base; path = Base.lproj/Main.storyboard; sourceTree = "<group>"; };
		151A8C5D23D4A7D9009D2735 /* Assets.xcassets */ = {isa = PBXFileReference; lastKnownFileType = folder.assetcatalog; path = Assets.xcassets; sourceTree = "<group>"; };
		151A8C6023D4A7D9009D2735 /* Base */ = {isa = PBXFileReference; lastKnownFileType = file.storyboard; name = Base; path = Base.lproj/LaunchScreen.storyboard; sourceTree = "<group>"; };
		151A8C6223D4A7D9009D2735 /* Info.plist */ = {isa = PBXFileReference; lastKnownFileType = text.plist.xml; path = Info.plist; sourceTree = "<group>"; };
/* End PBXFileReference section */

/* Begin PBXFrameworksBuildPhase section */
		151A8C5023D4A7D6009D2735 /* Frameworks */ = {
			isa = PBXFrameworksBuildPhase;
			buildActionMask = 2147483647;
			files = (
			);
			runOnlyForDeploymentPostprocessing = 0;
		};
/* End PBXFrameworksBuildPhase section */

/* Begin PBXGroup section */
		151A8C4A23D4A7D6009D2735 = {
			isa = PBXGroup;
			children = (
				151A8C5523D4A7D6009D2735 /* VkHolod */,
				151A8C5423D4A7D6009D2735 /* Products */,
			);
			sourceTree = "<group>";
		};
		151A8C5423D4A7D6009D2735 /* Products */ = {
			isa = PBXGroup;
			children = (
				151A8C5323D4A7D6009D2735 /* VkHolod.app */,
			);
			name = Products;
			sourceTree = "<group>";
		};
		151A8C5523D4A7D6009D2735 /* VkHolod */ = {
			isa = PBXGroup;
			children = (
				151A8C5623D4A7D6009D2735 /* AppDelegate.swift */,
				151A8C5823D4A7D6009D2735 /* ViewController.swift */,
				151A8C5A23D4A7D6009D2735 /* Main.storyboard */,
				151A8C5D23D4A7D9009D2735 /* Assets.xcassets */,
				151A8C5F23D4A7D9009D2735 /* LaunchScreen.storyboard */,
				151A8C6223D4A7D9009D2735 /* Info.plist */,
			);
			path = VkHolod;
			sourceTree = "<group>";
		};
/* End PBXGroup section */

/* Begin PBXNativeTarget section */
		151A8C5223D4A7D6009D2735 /* VkHolod */ = {
			isa = PBXNativeTarget;
			buildConfigurationList = 151A8C6523D4A7D9009D2735 /* Build configuration list for PBXNativeTarget "VkHolod" */;
			buildPhases = (
				151A8C4F23D4A7D6009D2735 /* Sources */,
				151A8C5023D4A7D6009D2735 /* Frameworks */,
				151A8C5123D4A7D6009D2735 /* Resources */,
			);
			buildRules = (
			);
			dependencies = (
			);
			name = VkHolod;
			productName = VkHolod;
			productReference = 151A8C5323D4A7D6009D2735 /* VkHolod.app */;
			productType = "com.apple.product-type.application";
		};
/* End PBXNativeTarget section */

/* Begin PBXProject section */
		151A8C4B23D4A7D6009D2735 /* Project object */ = {
			isa = PBXProject;
			attributes = {
				LastSwiftUpdateCheck = 1010;
				LastUpgradeCheck = 1010;
				ORGANIZATIONNAME = EPLAN;
				TargetAttributes = {
					151A8C5223D4A7D6009D2735 = {
						CreatedOnToolsVersion = 10.1;
					};
				};
			};
			buildConfigurationList = 151A8C4E23D4A7D6009D2735 /* Build configuration list for PBXProject "VkHolod" */;
			compatibilityVersion = "Xcode 9.3";
			developmentRegion = en;
			hasScannedForEncodings = 0;
			knownRegions = (
				en,
				Base,
			);
			mainGroup = 151A8C4A23D4A7D6009D2735;
			productRefGroup = 151A8C5423D4A7D6009D2735 /* Products */;
			projectDirPath = "";
			projectRoot = "";
			targets = (
				151A8C5223D4A7D6009D2735 /* VkHolod */,
			);
		};
/* End PBXProject section */

/* Begin PBXResourcesBuildPhase section */
		151A8C5123D4A7D6009D2735 /* Resources */ = {
			isa = PBXResourcesBuildPhase;
			buildActionMask = 2147483647;
			files = (
				151A8C6123D4A7D9009D2735 /* LaunchScreen.storyboard in Resources */,
				151A8C5E23D4A7D9009D2735 /* Assets.xcassets in Resources */,
				151A8C5C23D4A7D6009D2735 /* Main.storyboard in Resources */,
			);
			runOnlyForDeploymentPostprocessing = 0;
		};
/* End PBXResourcesBuildPhase section */

/* Begin PBXSourcesBuildPhase section */
		151A8C4F23D4A7D6009D2735 /* Sources */ = {
			isa = PBXSourcesBuildPhase;
			buildActionMask = 2147483647;
			files = (
				151A8C5923D4A7D6009D2735 /* ViewController.swift in Sources */,
				151A8C5723D4A7D6009D2735 /* AppDelegate.swift in Sources */,
			);
			runOnlyForDeploymentPostprocessing = 0;
		};
/* End PBXSourcesBuildPhase section */

/* Begin PBXVariantGroup section */
		151A8C5A23D4A7D6009D2735 /* Main.storyboard */ = {
			isa = PBXVariantGroup;
			children = (
				151A8C5B23D4A7D6009D2735 /* Base */,
			);
			name = Main.storyboard;
			sourceTree = "<group>";
		};
		151A8C5F23D4A7D9009D2735 /* LaunchScreen.storyboard */ = {
			isa = PBXVariantGroup;
			children = (
				151A8C6023D4A7D9009D2735 /* Base */,
			);
			name = LaunchScreen.storyboard;
			sourceTree = "<group>";
		};
/* End PBXVariantGroup section */

/* Begin XCBuildConfiguration section */
		151A8C6323D4A7D9009D2735 /* Debug */ = {
			isa = XCBuildConfiguration;
			buildSettings = {
				ALWAYS_SEARCH_USER_PATHS = NO;
				CLANG_ANALYZER_NONNULL = YES;
				CLANG_ANALYZER_NUMBER_OBJECT_CONVERSION = YES_AGGRESSIVE;
				CLANG_CXX_LANGUAGE_STANDARD = "gnu++14";
				CLANG_CXX_LIBRARY = "libc++";
				CLANG_ENABLE_MODULES = YES;
				CLANG_ENABLE_OBJC_ARC = YES;
				CLANG_ENABLE_OBJC_WEAK = YES;
				CLANG_WARN_BLOCK_CAPTURE_AUTORELEASING = YES;
				CLANG_WARN_BOOL_CONVERSION = YES;
				CLANG_WARN_COMMA = YES;
				CLANG_WARN_CONSTANT_CONVERSION = YES;
				CLANG_WARN_DEPRECATED_OBJC_IMPLEMENTATIONS = YES;
				CLANG_WARN_DIRECT_OBJC_ISA_USAGE = YES_ERROR;
				CLANG_WARN_DOCUMENTATION_COMMENTS = YES;
				CLANG_WARN_EMPTY_BODY = YES;
				CLANG_WARN_ENUM_CONVERSION = YES;
				CLANG_WARN_INFINITE_RECURSION = YES;
				CLANG_WARN_INT_CONVERSION = YES;
				CLANG_WARN_NON_LITERAL_NULL_CONVERSION = YES;
				CLANG_WARN_OBJC_IMPLICIT_RETAIN_SELF = YES;
				CLANG_WARN_OBJC_LITERAL_CONVERSION = YES;
				CLANG_WARN_OBJC_ROOT_CLASS = YES_ERROR;
				CLANG_WARN_RANGE_LOOP_ANALYSIS = YES;
				CLANG_WARN_STRICT_PROTOTYPES = YES;
				CLANG_WARN_SUSPICIOUS_MOVE = YES;
				CLANG_WARN_UNGUARDED_AVAILABILITY = YES_AGGRESSIVE;
				CLANG_WARN_UNREACHABLE_CODE = YES;
				CLANG_WARN__DUPLICATE_METHOD_MATCH = YES;
				CODE_SIGN_IDENTITY = "iPhone Developer";
				COPY_PHASE_STRIP = NO;
				DEBUG_INFORMATION_FORMAT = dwarf;
				ENABLE_STRICT_OBJC_MSGSEND = YES;
				ENABLE_TESTABILITY = YES;
				GCC_C_LANGUAGE_STANDARD = gnu11;
				GCC_DYNAMIC_NO_PIC = NO;
				GCC_NO_COMMON_BLOCKS = YES;
				GCC_OPTIMIZATION_LEVEL = 0;
				GCC_PREPROCESSOR_DEFINITIONS = (
					"DEBUG=1",
					"$(inherited)",
				);
				GCC_WARN_64_TO_32_BIT_CONVERSION = YES;
				GCC_WARN_ABOUT_RETURN_TYPE = YES_ERROR;
				GCC_WARN_UNDECLARED_SELECTOR = YES;
				GCC_WARN_UNINITIALIZED_AUTOS = YES_AGGRESSIVE;
				GCC_WARN_UNUSED_FUNCTION = YES;
				GCC_WARN_UNUSED_VARIABLE = YES;
				IPHONEOS_DEPLOYMENT_TARGET = 12.1;
				MTL_ENABLE_DEBUG_INFO = INCLUDE_SOURCE;
				MTL_FAST_MATH = YES;
				ONLY_ACTIVE_ARCH = YES;
				SDKROOT = iphoneos;
				SWIFT_ACTIVE_COMPILATION_CONDITIONS = DEBUG;
				SWIFT_OPTIMIZATION_LEVEL = "-Onone";
			};
			name = Debug;
		};
		151A8C6423D4A7D9009D2735 /* Release */ = {
			isa = XCBuildConfiguration;
			buildSettings = {
				ALWAYS_SEARCH_USER_PATHS = NO;
				CLANG_ANALYZER_NONNULL = YES;
				CLANG_ANALYZER_NUMBER_OBJECT_CONVERSION = YES_AGGRESSIVE;
				CLANG_CXX_LANGUAGE_STANDARD = "gnu++14";
				CLANG_CXX_LIBRARY = "libc++";
				CLANG_ENABLE_MODULES = YES;
				CLANG_ENABLE_OBJC_ARC = YES;
				CLANG_ENABLE_OBJC_WEAK = YES;
				CLANG_WARN_BLOCK_CAPTURE_AUTORELEASING = YES;
				CLANG_WARN_BOOL_CONVERSION = YES;
				CLANG_WARN_COMMA = YES;
				CLANG_WARN_CONSTANT_CONVERSION = YES;
				CLANG_WARN_DEPRECATED_OBJC_IMPLEMENTATIONS = YES;
				CLANG_WARN_DIRECT_OBJC_ISA_USAGE = YES_ERROR;
				CLANG_WARN_DOCUMENTATION_COMMENTS = YES;
				CLANG_WARN_EMPTY_BODY = YES;
				CLANG_WARN_ENUM_CONVERSION = YES;
				CLANG_WARN_INFINITE_RECURSION = YES;
				CLANG_WARN_INT_CONVERSION = YES;
				CLANG_WARN_NON_LITERAL_NULL_CONVERSION = YES;
				CLANG_WARN_OBJC_IMPLICIT_RETAIN_SELF = YES;
				CLANG_WARN_OBJC_LITERAL_CONVERSION = YES;
				CLANG_WARN_OBJC_ROOT_CLASS = YES_ERROR;
				CLANG_WARN_RANGE_LOOP_ANALYSIS = YES;
				CLANG_WARN_STRICT_PROTOTYPES = YES;
				CLANG_WARN_SUSPICIOUS_MOVE = YES;
				CLANG_WARN_UNGUARDED_AVAILABILITY = YES_AGGRESSIVE;
				CLANG_WARN_UNREACHABLE_CODE = YES;
				CLANG_WARN__DUPLICATE_METHOD_MATCH = YES;
				CODE_SIGN_IDENTITY = "iPhone Developer";
				COPY_PHASE_STRIP = NO;
				DEBUG_INFORMATION_FORMAT = "dwarf-with-dsym";
				ENABLE_NS_ASSERTIONS = NO;
				ENABLE_STRICT_OBJC_MSGSEND = YES;
				GCC_C_LANGUAGE_STANDARD = gnu11;
				GCC_NO_COMMON_BLOCKS = YES;
				GCC_WARN_64_TO_32_BIT_CONVERSION = YES;
				GCC_WARN_ABOUT_RETURN_TYPE = YES_ERROR;
				GCC_WARN_UNDECLARED_SELECTOR = YES;
				GCC_WARN_UNINITIALIZED_AUTOS = YES_AGGRESSIVE;
				GCC_WARN_UNUSED_FUNCTION = YES;
				GCC_WARN_UNUSED_VARIABLE = YES;
				IPHONEOS_DEPLOYMENT_TARGET = 12.1;
				MTL_ENABLE_DEBUG_INFO = NO;
				MTL_FAST_MATH = YES;
				SDKROOT = iphoneos;
				SWIFT_COMPILATION_MODE = wholemodule;
				SWIFT_OPTIMIZATION_LEVEL = "-O";
				VALIDATE_PRODUCT = YES;
			};
			name = Release;
		};
		151A8C6623D4A7D9009D2735 /* Debug */ = {
			isa = XCBuildConfiguration;
			buildSettings = {
				ASSETCATALOG_COMPILER_APPICON_NAME = AppIcon;
				CODE_SIGN_STYLE = Automatic;
				DEVELOPMENT_TEAM = 2N9JQ779A7;
				INFOPLIST_FILE = VkHolod/Info.plist;
				LD_RUNPATH_SEARCH_PATHS = (
					"$(inherited)",
					"@executable_path/Frameworks",
				);
				PRODUCT_BUNDLE_IDENTIFIER = "-08212646.ban.VkHolod";
				PRODUCT_NAME = "$(TARGET_NAME)";
				SWIFT_VERSION = 4.2;
				TARGETED_DEVICE_FAMILY = "1,2";
			};
			name = Debug;
		};
		151A8C6723D4A7D9009D2735 /* Release */ = {
			isa = XCBuildConfiguration;
			buildSettings = {
				ASSETCATALOG_COMPILER_APPICON_NAME = AppIcon;
				CODE_SIGN_STYLE = Automatic;
				DEVELOPMENT_TEAM = 2N9JQ779A7;
				INFOPLIST_FILE = VkHolod/Info.plist;
				LD_RUNPATH_SEARCH_PATHS = (
					"$(inherited)",
					"@executable_path/Frameworks",
				);
				PRODUCT_BUNDLE_IDENTIFIER = "-08212646.ban.VkHolod";
				PRODUCT_NAME = "$(TARGET_NAME)";
				SWIFT_VERSION = 4.2;
				TARGETED_DEVICE_FAMILY = "1,2";
			};
			name = Release;
		};
/* End XCBuildConfiguration section */

/* Begin XCConfigurationList section */
		151A8C4E23D4A7D6009D2735 /* Build configuration list for PBXProject "VkHolod" */ = {
			isa = XCConfigurationList;
			buildConfigurations = (
				151A8C6323D4A7D9009D2735 /* Debug */,
				151A8C6423D4A7D9009D2735 /* Release */,
			);
			defaultConfigurationIsVisible = 0;
			defaultConfigurationName = Release;
		};
		151A8C6523D4A7D9009D2735 /* Build configuration list for PBXNativeTarget "VkHolod" */ = {
			isa = XCConfigurationList;
			buildConfigurations = (
				151A8C6623D4A7D9009D2735 /* Debug */,
				151A8C6723D4A7D9009D2735 /* Release */,
			);
			defaultConfigurationIsVisible = 0;
			defaultConfigurationName = Release;
		};
/* End XCConfigurationList section */
	};
	rootObject = 151A8C4B23D4A7D6009D2735 /* Project object */;
}
